<?xml version="1.0" encoding="utf-8"?>
<Project ToolsVersion="4.0" xmlns="http://schemas.microsoft.com/developer/msbuild/2003">
  <ItemGroup>
    <Filter Include="Source Files">
      <UniqueIdentifier>{4FC737F1-C7A5-4376-A066-2A32D752A2FF}</UniqueIdentifier>
      <Extensions>cpp;c;cc;cxx;def;odl;idl;hpj;bat;asm;asmx</Extensions>
    </Filter>
    <Filter Include="Header Files">
      <UniqueIdentifier>{93995380-89BD-4b04-88EB-625FBE52EBFB}</UniqueIdentifier>
      <Extensions>h;hh;hpp;hxx;hm;inl;inc;xsd</Extensions>
    </Filter>
    <Filter Include="Resource Files">
      <UniqueIdentifier>{67DA6AB6-F800-4c08-8B7A-83BB121AAD01}</UniqueIdentifier>
      <Extensions>rc;ico;cur;bmp;dlg;rc2;rct;bin;rgs;gif;jpg;jpeg;jpe;resx;tiff;tif;png;wav;mfcribbon-ms</Extensions>
    </Filter>
    <Filter Include="ch5">
      <UniqueIdentifier>{c4fb8b39-0eab-4ff5-970d-fb5460f7d463}</UniqueIdentifier>
    </Filter>
    <Filter Include="ch6">
      <UniqueIdentifier>{7a779958-0b6d-433b-bed1-5b58336a5a15}</UniqueIdentifier>
    </Filter>
    <Filter Include="ch7">
      <UniqueIdentifier>{aef2d4a8-9b07-4322-9549-57f748c81de8}</UniqueIdentifier>
    </Filter>
    <Filter Include="ch11">
      <UniqueIdentifier>{9c0114ad-0674-4e78-8ab2-8e23a0cb3203}</UniqueIdentifier>
    </Filter>
  </ItemGroup>
  <ItemGroup>
    <Text Include="ReadMe.txt" />
    <Text Include="..\ch5\readme.txt">
      <Filter>ch5</Filter>
    </Text>
  </ItemGroup>
  <ItemGroup>
    <ClCompile Include="VisualCppWithExample.cpp">
      <Filter>Source Files</Filter>
    </ClCompile>
    <ClCompile Include="..\ch5\list5_2.cpp">
      <Filter>ch5</Filter>
    </ClCompile>
    <ClCompile Include="..\ch5\listing5_3.cpp">
      <Filter>ch5</Filter>
    </ClCompile>
    <ClCompile Include="..\ch6\Listing6_1.cpp">
      <Filter>ch6</Filter>
    </ClCompile>
    <ClCompile Include="..\ch6\Listing6_2.cpp">
      <Filter>ch6</Filter>
    </ClCompile>
    <ClCompile Include="..\ch6\listing6_3.cpp">
      <Filter>ch6</Filter>
    </ClCompile>
    <ClCompile Include="..\ch6\listing6_4.cpp">
      <Filter>ch6</Filter>
    </ClCompile>
    <ClCompile Include="..\ch6\listing6_5.cpp">
      <Filter>ch6</Filter>
    </ClCompile>
    <ClCompile Include="..\ch7\listing7_1.cpp">
      <Filter>ch7</Filter>
    </ClCompile>
    <ClCompile Include="..\ch11\Listing11_1.cpp">
      <Filter>ch11</Filter>
    </ClCompile>
  </ItemGroup>
</Project>